
Microsoft Visual Studio Solution File, Format Version 12.00
# Visual Studio Version 16
VisualStudioVersion = 16.0.31005.135
MinimumVisualStudioVersion = 10.0.40219.1
Project("{FAE04EC0-301F-11D3-BF4B-00C04F79EFBC}") = "OnlineRetailer.CustomerAPI", "OnlineRetailer.CustomerAPI\OnlineRetailer.CustomerAPI.csproj", "{C40580AE-7BE7-48BF-8871-8AD15558BBDB}"
EndProject
Project("{FAE04EC0-301F-11D3-BF4B-00C04F79EFBC}") = "OnlineRetailer.ProductAPI", "OnlineRetailer.ProductAPI\OnlineRetailer.ProductAPI.csproj", "{0B295A77-92E8-429A-8FDD-A9CB88610130}"
EndProject
Project("{FAE04EC0-301F-11D3-BF4B-00C04F79EFBC}") = "OnlineRetailer.OrderAPI", "OnlineRetailer.OrderAPI\OnlineRetailer.OrderAPI.csproj", "{9C867809-EDCE-4C87-A031-C40C35727DAE}"
EndProject
Project("{E53339B2-1760-4266-BCC7-CA923CBCF16C}") = "docker-compose", "docker-compose.dcproj", "{9A92F2D0-4A31-4E3D-8ED9-A84939FE1967}"
EndProject
Global
	GlobalSection(SolutionConfigurationPlatforms) = preSolution
		Debug|Any CPU = Debug|Any CPU
		Release|Any CPU = Release|Any CPU
	EndGlobalSection
	GlobalSection(ProjectConfigurationPlatforms) = postSolution
		{C40580AE-7BE7-48BF-8871-8AD15558BBDB}.Debug|Any CPU.ActiveCfg = Debug|Any CPU
		{C40580AE-7BE7-48BF-8871-8AD15558BBDB}.Debug|Any CPU.Build.0 = Debug|Any CPU
		{C40580AE-7BE7-48BF-8871-8AD15558BBDB}.Release|Any CPU.ActiveCfg = Release|Any CPU
		{C40580AE-7BE7-48BF-8871-8AD15558BBDB}.Release|Any CPU.Build.0 = Release|Any CPU
		{0B295A77-92E8-429A-8FDD-A9CB88610130}.Debug|Any CPU.ActiveCfg = Debug|Any CPU
		{0B295A77-92E8-429A-8FDD-A9CB88610130}.Debug|Any CPU.Build.0 = Debug|Any CPU
		{0B295A77-92E8-429A-8FDD-A9CB88610130}.Release|Any CPU.ActiveCfg = Release|Any CPU
		{0B295A77-92E8-429A-8FDD-A9CB88610130}.Release|Any CPU.Build.0 = Release|Any CPU
		{9C867809-EDCE-4C87-A031-C40C35727DAE}.Debug|Any CPU.ActiveCfg = Debug|Any CPU
		{9C867809-EDCE-4C87-A031-C40C35727DAE}.Debug|Any CPU.Build.0 = Debug|Any CPU
		{9C867809-EDCE-4C87-A031-C40C35727DAE}.Release|Any CPU.ActiveCfg = Release|Any CPU
		{9C867809-EDCE-4C87-A031-C40C35727DAE}.Release|Any CPU.Build.0 = Release|Any CPU
		{9A92F2D0-4A31-4E3D-8ED9-A84939FE1967}.Debug|Any CPU.ActiveCfg = Debug|Any CPU
		{9A92F2D0-4A31-4E3D-8ED9-A84939FE1967}.Debug|Any CPU.Build.0 = Debug|Any CPU
		{9A92F2D0-4A31-4E3D-8ED9-A84939FE1967}.Release|Any CPU.ActiveCfg = Release|Any CPU
		{9A92F2D0-4A31-4E3D-8ED9-A84939FE1967}.Release|Any CPU.Build.0 = Release|Any CPU
	EndGlobalSection
	GlobalSection(SolutionProperties) = preSolution
		HideSolutionNode = FALSE
	EndGlobalSection
	GlobalSection(ExtensibilityGlobals) = postSolution
		SolutionGuid = {FE43D9FD-271A-4BC0-A20D-7A1917170D08}
	EndGlobalSection
EndGlobal
